PODS:
  - CSPHeader (0.6.0)
  - Nimble (9.2.1)
  - Quick (5.0.1)

DEPENDENCIES:
  - CSPHeader (from `../`)
  - Nimble (~> 9.0)
  - Quick (~> 5.0)

SPEC REPOS:
  trunk:
    - Nimble
    - Quick

EXTERNAL SOURCES:
  CSPHeader:
    :path: "../"

SPEC CHECKSUMS:
  CSPHeader: b28ad862745eb26644109f3a3aa3f5e318dcb9fe
  Nimble: e7e615c0335ee4bf5b0d786685451e62746117d5
  Quick: 749aa754fd1e7d984f2000fe051e18a3a9809179

PODFILE CHECKSUM: c19cad46a9fb63b93ba0275580cd4e5c9f97506d

COCOAPODS: 1.11.3
